
Microsoft Visual Studio Solution File, Format Version 12.00
# Visual Studio 14
VisualStudioVersion = 14.0.25123.0
MinimumVisualStudioVersion = 10.0.40219.1
Project("{FE989750-469E-4C3B-BF0C-97E00DFE9FC9}") = "Sitecore.Support.50033.95987", "Sitecore.Support.50033.95987\Sitecore.Support.50033.95987.csproj", "{D93AC986-48C0-490C-9BD0-4EE45B805171}"
EndProject
Global
	GlobalSection(SolutionConfigurationPlatforms) = preSolution
		Debug|Any CPU = Debug|Any CPU
		Release|Any CPU = Release|Any CPU
	EndGlobalSection
	GlobalSection(ProjectConfigurationPlatforms) = postSolution
		{D93AC986-48C0-490C-9BD0-4EE45B805171}.Debug|Any CPU.ActiveCfg = Debug|Any CPU
		{D93AC986-48C0-490C-9BD0-4EE45B805171}.Debug|Any CPU.Build.0 = Debug|Any CPU
		{D93AC986-48C0-490C-9BD0-4EE45B805171}.Release|Any CPU.ActiveCfg = Release|Any CPU
		{D93AC986-48C0-490C-9BD0-4EE45B805171}.Release|Any CPU.Build.0 = Release|Any CPU
	EndGlobalSection
	GlobalSection(SolutionProperties) = preSolution
		HideSolutionNode = FALSE
	EndGlobalSection
EndGlobal
